
Microsoft Visual Studio Solution File, Format Version 12.00
# Visual Studio Version 17
VisualStudioVersion = 17.6.33723.286
MinimumVisualStudioVersion = 10.0.40219.1
Project("{9A19103F-16F7-4668-BE54-9A1E7A4F7556}") = "BookStore", "BookStore\BookStore.csproj", "{35089FD2-AD7B-4F7D-8C85-75C979E3FD1D}"
EndProject
Project("{FAE04EC0-301F-11D3-BF4B-00C04F79EFBC}") = "Utility", "Utility\Utility.csproj", "{AB579D75-9E7E-4C6A-AD2B-7657589E61B7}"
EndProject
Global
	GlobalSection(SolutionConfigurationPlatforms) = preSolution
		Debug|Any CPU = Debug|Any CPU
		Release|Any CPU = Release|Any CPU
	EndGlobalSection
	GlobalSection(ProjectConfigurationPlatforms) = postSolution
		{35089FD2-AD7B-4F7D-8C85-75C979E3FD1D}.Debug|Any CPU.ActiveCfg = Debug|Any CPU
		{35089FD2-AD7B-4F7D-8C85-75C979E3FD1D}.Debug|Any CPU.Build.0 = Debug|Any CPU
		{35089FD2-AD7B-4F7D-8C85-75C979E3FD1D}.Release|Any CPU.ActiveCfg = Release|Any CPU
		{35089FD2-AD7B-4F7D-8C85-75C979E3FD1D}.Release|Any CPU.Build.0 = Release|Any CPU
		{AB579D75-9E7E-4C6A-AD2B-7657589E61B7}.Debug|Any CPU.ActiveCfg = Debug|Any CPU
		{AB579D75-9E7E-4C6A-AD2B-7657589E61B7}.Debug|Any CPU.Build.0 = Debug|Any CPU
		{AB579D75-9E7E-4C6A-AD2B-7657589E61B7}.Release|Any CPU.ActiveCfg = Release|Any CPU
		{AB579D75-9E7E-4C6A-AD2B-7657589E61B7}.Release|Any CPU.Build.0 = Release|Any CPU
	EndGlobalSection
	GlobalSection(SolutionProperties) = preSolution
		HideSolutionNode = FALSE
	EndGlobalSection
	GlobalSection(ExtensibilityGlobals) = postSolution
		SolutionGuid = {9261A948-DFB2-4DB2-9717-356F8DABEF4A}
	EndGlobalSection
EndGlobal
